
Microsoft Visual Studio Solution File, Format Version 12.00
# Visual Studio Version 16
VisualStudioVersion = 16.0.29020.237
MinimumVisualStudioVersion = 10.0.40219.1
Project("{FAE04EC0-301F-11D3-BF4B-00C04F79EFBC}") = "N1 - Exercício 7", "N1 - Exercício 7\N1 - Exercício 7.csproj", "{788CAAAF-F83A-421A-8F37-C47AD4124C8D}"
EndProject
Global
	GlobalSection(SolutionConfigurationPlatforms) = preSolution
		Debug|Any CPU = Debug|Any CPU
		Release|Any CPU = Release|Any CPU
	EndGlobalSection
	GlobalSection(ProjectConfigurationPlatforms) = postSolution
		{788CAAAF-F83A-421A-8F37-C47AD4124C8D}.Debug|Any CPU.ActiveCfg = Debug|Any CPU
		{788CAAAF-F83A-421A-8F37-C47AD4124C8D}.Debug|Any CPU.Build.0 = Debug|Any CPU
		{788CAAAF-F83A-421A-8F37-C47AD4124C8D}.Release|Any CPU.ActiveCfg = Release|Any CPU
		{788CAAAF-F83A-421A-8F37-C47AD4124C8D}.Release|Any CPU.Build.0 = Release|Any CPU
	EndGlobalSection
	GlobalSection(SolutionProperties) = preSolution
		HideSolutionNode = FALSE
	EndGlobalSection
	GlobalSection(ExtensibilityGlobals) = postSolution
		SolutionGuid = {0830DC9C-0444-487B-A172-605E9ED6AE16}
	EndGlobalSection
EndGlobal
